
Microsoft Visual Studio Solution File, Format Version 12.00
# Visual Studio Version 17
VisualStudioVersion = 17.0.31903.59
MinimumVisualStudioVersion = 10.0.40219.1
Project("{FAE04EC0-301F-11D3-BF4B-00C04F79EFBC}") = "Korp.Estoque.Api", "Korp.Estoque.Api\Korp.Estoque.Api.csproj", "{F0E22B41-2793-4336-B15E-6281C9CDCFB4}"
EndProject
Project("{FAE04EC0-301F-11D3-BF4B-00C04F79EFBC}") = "Korp.Faturamento.Api", "Korp.Faturamento.Api\Korp.Faturamento.Api.csproj", "{E20328AD-934D-4E7D-AB0D-ED20B678F373}"
EndProject
Project("{FAE04EC0-301F-11D3-BF4B-00C04F79EFBC}") = "Korp.Shared", "Korp.Shared\Korp.Shared.csproj", "{F32FD385-3D5D-483F-8660-30417DECF481}"
EndProject
Project("{2150E333-8FDC-42A3-9474-1A3956D46DE8}") = "tests", "tests", "{0AB3BF05-4346-4AA6-1389-037BE0695223}"
EndProject
Project("{FAE04EC0-301F-11D3-BF4B-00C04F79EFBC}") = "Korp.Backend.Tests", "tests\Korp.Backend.Tests\Korp.Backend.Tests.csproj", "{1D10C301-4150-49E6-B356-ACD04D84A373}"
EndProject
Global
	GlobalSection(SolutionConfigurationPlatforms) = preSolution
		Debug|Any CPU = Debug|Any CPU
		Debug|x64 = Debug|x64
		Debug|x86 = Debug|x86
		Release|Any CPU = Release|Any CPU
		Release|x64 = Release|x64
		Release|x86 = Release|x86
	EndGlobalSection
	GlobalSection(ProjectConfigurationPlatforms) = postSolution
		{F0E22B41-2793-4336-B15E-6281C9CDCFB4}.Debug|Any CPU.ActiveCfg = Debug|Any CPU
		{F0E22B41-2793-4336-B15E-6281C9CDCFB4}.Debug|Any CPU.Build.0 = Debug|Any CPU
		{F0E22B41-2793-4336-B15E-6281C9CDCFB4}.Debug|x64.ActiveCfg = Debug|Any CPU
		{F0E22B41-2793-4336-B15E-6281C9CDCFB4}.Debug|x64.Build.0 = Debug|Any CPU
		{F0E22B41-2793-4336-B15E-6281C9CDCFB4}.Debug|x86.ActiveCfg = Debug|Any CPU
		{F0E22B41-2793-4336-B15E-6281C9CDCFB4}.Debug|x86.Build.0 = Debug|Any CPU
		{F0E22B41-2793-4336-B15E-6281C9CDCFB4}.Release|Any CPU.ActiveCfg = Release|Any CPU
		{F0E22B41-2793-4336-B15E-6281C9CDCFB4}.Release|Any CPU.Build.0 = Release|Any CPU
		{F0E22B41-2793-4336-B15E-6281C9CDCFB4}.Release|x64.ActiveCfg = Release|Any CPU
		{F0E22B41-2793-4336-B15E-6281C9CDCFB4}.Release|x64.Build.0 = Release|Any CPU
		{F0E22B41-2793-4336-B15E-6281C9CDCFB4}.Release|x86.ActiveCfg = Release|Any CPU
		{F0E22B41-2793-4336-B15E-6281C9CDCFB4}.Release|x86.Build.0 = Release|Any CPU
		{E20328AD-934D-4E7D-AB0D-ED20B678F373}.Debug|Any CPU.ActiveCfg = Debug|Any CPU
		{E20328AD-934D-4E7D-AB0D-ED20B678F373}.Debug|Any CPU.Build.0 = Debug|Any CPU
		{E20328AD-934D-4E7D-AB0D-ED20B678F373}.Debug|x64.ActiveCfg = Debug|Any CPU
		{E20328AD-934D-4E7D-AB0D-ED20B678F373}.Debug|x64.Build.0 = Debug|Any CPU
		{E20328AD-934D-4E7D-AB0D-ED20B678F373}.Debug|x86.ActiveCfg = Debug|Any CPU
		{E20328AD-934D-4E7D-AB0D-ED20B678F373}.Debug|x86.Build.0 = Debug|Any CPU
		{E20328AD-934D-4E7D-AB0D-ED20B678F373}.Release|Any CPU.ActiveCfg = Release|Any CPU
		{E20328AD-934D-4E7D-AB0D-ED20B678F373}.Release|Any CPU.Build.0 = Release|Any CPU
		{E20328AD-934D-4E7D-AB0D-ED20B678F373}.Release|x64.ActiveCfg = Release|Any CPU
		{E20328AD-934D-4E7D-AB0D-ED20B678F373}.Release|x64.Build.0 = Release|Any CPU
		{E20328AD-934D-4E7D-AB0D-ED20B678F373}.Release|x86.ActiveCfg = Release|Any CPU
		{E20328AD-934D-4E7D-AB0D-ED20B678F373}.Release|x86.Build.0 = Release|Any CPU
		{F32FD385-3D5D-483F-8660-30417DECF481}.Debug|Any CPU.ActiveCfg = Debug|Any CPU
		{F32FD385-3D5D-483F-8660-30417DECF481}.Debug|Any CPU.Build.0 = Debug|Any CPU
		{F32FD385-3D5D-483F-8660-30417DECF481}.Debug|x64.ActiveCfg = Debug|Any CPU
		{F32FD385-3D5D-483F-8660-30417DECF481}.Debug|x64.Build.0 = Debug|Any CPU
		{F32FD385-3D5D-483F-8660-30417DECF481}.Debug|x86.ActiveCfg = Debug|Any CPU
		{F32FD385-3D5D-483F-8660-30417DECF481}.Debug|x86.Build.0 = Debug|Any CPU
		{F32FD385-3D5D-483F-8660-30417DECF481}.Release|Any CPU.ActiveCfg = Release|Any CPU
		{F32FD385-3D5D-483F-8660-30417DECF481}.Release|Any CPU.Build.0 = Release|Any CPU
		{F32FD385-3D5D-483F-8660-30417DECF481}.Release|x64.ActiveCfg = Release|Any CPU
		{F32FD385-3D5D-483F-8660-30417DECF481}.Release|x64.Build.0 = Release|Any CPU
		{F32FD385-3D5D-483F-8660-30417DECF481}.Release|x86.ActiveCfg = Release|Any CPU
		{F32FD385-3D5D-483F-8660-30417DECF481}.Release|x86.Build.0 = Release|Any CPU
		{1D10C301-4150-49E6-B356-ACD04D84A373}.Debug|Any CPU.ActiveCfg = Debug|Any CPU
		{1D10C301-4150-49E6-B356-ACD04D84A373}.Debug|Any CPU.Build.0 = Debug|Any CPU
		{1D10C301-4150-49E6-B356-ACD04D84A373}.Debug|x64.ActiveCfg = Debug|Any CPU
		{1D10C301-4150-49E6-B356-ACD04D84A373}.Debug|x64.Build.0 = Debug|Any CPU
		{1D10C301-4150-49E6-B356-ACD04D84A373}.Debug|x86.ActiveCfg = Debug|Any CPU
		{1D10C301-4150-49E6-B356-ACD04D84A373}.Debug|x86.Build.0 = Debug|Any CPU
		{1D10C301-4150-49E6-B356-ACD04D84A373}.Release|Any CPU.ActiveCfg = Release|Any CPU
		{1D10C301-4150-49E6-B356-ACD04D84A373}.Release|Any CPU.Build.0 = Release|Any CPU
		{1D10C301-4150-49E6-B356-ACD04D84A373}.Release|x64.ActiveCfg = Release|Any CPU
		{1D10C301-4150-49E6-B356-ACD04D84A373}.Release|x64.Build.0 = Release|Any CPU
		{1D10C301-4150-49E6-B356-ACD04D84A373}.Release|x86.ActiveCfg = Release|Any CPU
		{1D10C301-4150-49E6-B356-ACD04D84A373}.Release|x86.Build.0 = Release|Any CPU
	EndGlobalSection
	GlobalSection(SolutionProperties) = preSolution
		HideSolutionNode = FALSE
	EndGlobalSection
	GlobalSection(NestedProjects) = preSolution
		{1D10C301-4150-49E6-B356-ACD04D84A373} = {0AB3BF05-4346-4AA6-1389-037BE0695223}
	EndGlobalSection
EndGlobal
